
Microsoft Visual Studio Solution File, Format Version 12.00
# Visual Studio Version 17
VisualStudioVersion = 17.7.34202.233
MinimumVisualStudioVersion = 10.0.40219.1
Project("{FAE04EC0-301F-11D3-BF4B-00C04F79EFBC}") = "Speed typing", "Speed typing\Speed typing.csproj", "{99D0F6B6-C886-4B97-BEE4-4D91040A0EE6}"
EndProject
Global
	GlobalSection(SolutionConfigurationPlatforms) = preSolution
		Debug|Any CPU = Debug|Any CPU
		Release|Any CPU = Release|Any CPU
	EndGlobalSection
	GlobalSection(ProjectConfigurationPlatforms) = postSolution
		{99D0F6B6-C886-4B97-BEE4-4D91040A0EE6}.Debug|Any CPU.ActiveCfg = Debug|Any CPU
		{99D0F6B6-C886-4B97-BEE4-4D91040A0EE6}.Debug|Any CPU.Build.0 = Debug|Any CPU
		{99D0F6B6-C886-4B97-BEE4-4D91040A0EE6}.Release|Any CPU.ActiveCfg = Release|Any CPU
		{99D0F6B6-C886-4B97-BEE4-4D91040A0EE6}.Release|Any CPU.Build.0 = Release|Any CPU
	EndGlobalSection
	GlobalSection(SolutionProperties) = preSolution
		HideSolutionNode = FALSE
	EndGlobalSection
	GlobalSection(ExtensibilityGlobals) = postSolution
		SolutionGuid = {7B82E365-A2D7-44B0-B630-0504A243BCAC}
	EndGlobalSection
EndGlobal
